
Microsoft Visual Studio Solution File, Format Version 12.00
# Visual Studio Version 16
VisualStudioVersion = 16.0.31129.286
MinimumVisualStudioVersion = 10.0.40219.1
Project("{FAE04EC0-301F-11D3-BF4B-00C04F79EFBC}") = "Task1", "Task1\Task1.csproj", "{A2B64802-951D-43BB-890B-515EA7129D8F}"
EndProject
Project("{FAE04EC0-301F-11D3-BF4B-00C04F79EFBC}") = "Task2", "Task2\Task2.csproj", "{DED6DFEE-FD12-43CC-8F4C-79220C21CE16}"
EndProject
Project("{FAE04EC0-301F-11D3-BF4B-00C04F79EFBC}") = "Task3", "Task3\Task3.csproj", "{9ECF0288-A5C4-4A85-9497-2ECB8F9FB689}"
EndProject
Global
	GlobalSection(SolutionConfigurationPlatforms) = preSolution
		Debug|Any CPU = Debug|Any CPU
		Release|Any CPU = Release|Any CPU
	EndGlobalSection
	GlobalSection(ProjectConfigurationPlatforms) = postSolution
		{A2B64802-951D-43BB-890B-515EA7129D8F}.Debug|Any CPU.ActiveCfg = Debug|Any CPU
		{A2B64802-951D-43BB-890B-515EA7129D8F}.Debug|Any CPU.Build.0 = Debug|Any CPU
		{A2B64802-951D-43BB-890B-515EA7129D8F}.Release|Any CPU.ActiveCfg = Release|Any CPU
		{A2B64802-951D-43BB-890B-515EA7129D8F}.Release|Any CPU.Build.0 = Release|Any CPU
		{DED6DFEE-FD12-43CC-8F4C-79220C21CE16}.Debug|Any CPU.ActiveCfg = Debug|Any CPU
		{DED6DFEE-FD12-43CC-8F4C-79220C21CE16}.Debug|Any CPU.Build.0 = Debug|Any CPU
		{DED6DFEE-FD12-43CC-8F4C-79220C21CE16}.Release|Any CPU.ActiveCfg = Release|Any CPU
		{DED6DFEE-FD12-43CC-8F4C-79220C21CE16}.Release|Any CPU.Build.0 = Release|Any CPU
		{9ECF0288-A5C4-4A85-9497-2ECB8F9FB689}.Debug|Any CPU.ActiveCfg = Debug|Any CPU
		{9ECF0288-A5C4-4A85-9497-2ECB8F9FB689}.Debug|Any CPU.Build.0 = Debug|Any CPU
		{9ECF0288-A5C4-4A85-9497-2ECB8F9FB689}.Release|Any CPU.ActiveCfg = Release|Any CPU
		{9ECF0288-A5C4-4A85-9497-2ECB8F9FB689}.Release|Any CPU.Build.0 = Release|Any CPU
	EndGlobalSection
	GlobalSection(SolutionProperties) = preSolution
		HideSolutionNode = FALSE
	EndGlobalSection
	GlobalSection(ExtensibilityGlobals) = postSolution
		SolutionGuid = {39AEC49F-6604-4988-9285-F554721BEC7C}
	EndGlobalSection
EndGlobal
