
Microsoft Visual Studio Solution File, Format Version 12.00
# Visual Studio Version 16
VisualStudioVersion = 16.0.30413.136
MinimumVisualStudioVersion = 10.0.40219.1
Project("{FAE04EC0-301F-11D3-BF4B-00C04F79EFBC}") = "Task3", "Task3\Task3.csproj", "{038E6477-ED13-40C9-AFFF-79297BBAD4D6}"
EndProject
Project("{FAE04EC0-301F-11D3-BF4B-00C04F79EFBC}") = "Task5", "Task5\Task5.csproj", "{DC44C6C3-3D60-4327-A7CF-EA3AD768524B}"
EndProject
Global
	GlobalSection(SolutionConfigurationPlatforms) = preSolution
		Debug|Any CPU = Debug|Any CPU
		Release|Any CPU = Release|Any CPU
	EndGlobalSection
	GlobalSection(ProjectConfigurationPlatforms) = postSolution
		{038E6477-ED13-40C9-AFFF-79297BBAD4D6}.Debug|Any CPU.ActiveCfg = Debug|Any CPU
		{038E6477-ED13-40C9-AFFF-79297BBAD4D6}.Debug|Any CPU.Build.0 = Debug|Any CPU
		{038E6477-ED13-40C9-AFFF-79297BBAD4D6}.Release|Any CPU.ActiveCfg = Release|Any CPU
		{038E6477-ED13-40C9-AFFF-79297BBAD4D6}.Release|Any CPU.Build.0 = Release|Any CPU
		{DC44C6C3-3D60-4327-A7CF-EA3AD768524B}.Debug|Any CPU.ActiveCfg = Debug|Any CPU
		{DC44C6C3-3D60-4327-A7CF-EA3AD768524B}.Debug|Any CPU.Build.0 = Debug|Any CPU
		{DC44C6C3-3D60-4327-A7CF-EA3AD768524B}.Release|Any CPU.ActiveCfg = Release|Any CPU
		{DC44C6C3-3D60-4327-A7CF-EA3AD768524B}.Release|Any CPU.Build.0 = Release|Any CPU
	EndGlobalSection
	GlobalSection(SolutionProperties) = preSolution
		HideSolutionNode = FALSE
	EndGlobalSection
	GlobalSection(ExtensibilityGlobals) = postSolution
		SolutionGuid = {56E34395-737B-4411-BAAA-2F575A10D5A8}
	EndGlobalSection
EndGlobal
