
Microsoft Visual Studio Solution File, Format Version 12.00
# Visual Studio Version 16
VisualStudioVersion = 16.0.30907.101
MinimumVisualStudioVersion = 10.0.40219.1
Project("{FAE04EC0-301F-11D3-BF4B-00C04F79EFBC}") = "Task2", "Task2\Task2.csproj", "{DA1657E1-2589-45FA-B935-C92F9B27999B}"
EndProject
Project("{FAE04EC0-301F-11D3-BF4B-00C04F79EFBC}") = "Structures", "Structures\Structures.csproj", "{D37461FB-69EF-4210-9B73-D259E82AFC30}"
EndProject
Global
	GlobalSection(SolutionConfigurationPlatforms) = preSolution
		Debug|Any CPU = Debug|Any CPU
		Release|Any CPU = Release|Any CPU
	EndGlobalSection
	GlobalSection(ProjectConfigurationPlatforms) = postSolution
		{DA1657E1-2589-45FA-B935-C92F9B27999B}.Debug|Any CPU.ActiveCfg = Debug|Any CPU
		{DA1657E1-2589-45FA-B935-C92F9B27999B}.Debug|Any CPU.Build.0 = Debug|Any CPU
		{DA1657E1-2589-45FA-B935-C92F9B27999B}.Release|Any CPU.ActiveCfg = Release|Any CPU
		{DA1657E1-2589-45FA-B935-C92F9B27999B}.Release|Any CPU.Build.0 = Release|Any CPU
		{D37461FB-69EF-4210-9B73-D259E82AFC30}.Debug|Any CPU.ActiveCfg = Debug|Any CPU
		{D37461FB-69EF-4210-9B73-D259E82AFC30}.Debug|Any CPU.Build.0 = Debug|Any CPU
		{D37461FB-69EF-4210-9B73-D259E82AFC30}.Release|Any CPU.ActiveCfg = Release|Any CPU
		{D37461FB-69EF-4210-9B73-D259E82AFC30}.Release|Any CPU.Build.0 = Release|Any CPU
	EndGlobalSection
	GlobalSection(SolutionProperties) = preSolution
		HideSolutionNode = FALSE
	EndGlobalSection
	GlobalSection(ExtensibilityGlobals) = postSolution
		SolutionGuid = {51D9B9B3-1E7E-4750-8AC8-5C6529161045}
	EndGlobalSection
EndGlobal
