
Microsoft Visual Studio Solution File, Format Version 12.00
# Visual Studio Version 16
VisualStudioVersion = 16.0.30413.136
MinimumVisualStudioVersion = 10.0.40219.1
Project("{FAE04EC0-301F-11D3-BF4B-00C04F79EFBC}") = "Task2", "Task2\Task2.csproj", "{514C84A7-F8BA-45FB-BDFD-DE92D649964A}"
EndProject
Project("{FAE04EC0-301F-11D3-BF4B-00C04F79EFBC}") = "Task1", "Task1\Task1.csproj", "{BAC960A9-633A-4EBE-853A-020B36D60457}"
EndProject
Global
	GlobalSection(SolutionConfigurationPlatforms) = preSolution
		Debug|Any CPU = Debug|Any CPU
		Release|Any CPU = Release|Any CPU
	EndGlobalSection
	GlobalSection(ProjectConfigurationPlatforms) = postSolution
		{514C84A7-F8BA-45FB-BDFD-DE92D649964A}.Debug|Any CPU.ActiveCfg = Debug|Any CPU
		{514C84A7-F8BA-45FB-BDFD-DE92D649964A}.Debug|Any CPU.Build.0 = Debug|Any CPU
		{514C84A7-F8BA-45FB-BDFD-DE92D649964A}.Release|Any CPU.ActiveCfg = Release|Any CPU
		{514C84A7-F8BA-45FB-BDFD-DE92D649964A}.Release|Any CPU.Build.0 = Release|Any CPU
		{BAC960A9-633A-4EBE-853A-020B36D60457}.Debug|Any CPU.ActiveCfg = Debug|Any CPU
		{BAC960A9-633A-4EBE-853A-020B36D60457}.Debug|Any CPU.Build.0 = Debug|Any CPU
		{BAC960A9-633A-4EBE-853A-020B36D60457}.Release|Any CPU.ActiveCfg = Release|Any CPU
		{BAC960A9-633A-4EBE-853A-020B36D60457}.Release|Any CPU.Build.0 = Release|Any CPU
	EndGlobalSection
	GlobalSection(SolutionProperties) = preSolution
		HideSolutionNode = FALSE
	EndGlobalSection
	GlobalSection(ExtensibilityGlobals) = postSolution
		SolutionGuid = {B276F635-BE06-463D-B492-20883D83B27A}
	EndGlobalSection
EndGlobal
