
Microsoft Visual Studio Solution File, Format Version 12.00
# Visual Studio Version 16
VisualStudioVersion = 16.0.30413.136
MinimumVisualStudioVersion = 10.0.40219.1
Project("{FAE04EC0-301F-11D3-BF4B-00C04F79EFBC}") = "Task4", "Task4\Task4.csproj", "{B31AD370-8FC5-4187-9E50-C06233D76E71}"
EndProject
Project("{FAE04EC0-301F-11D3-BF4B-00C04F79EFBC}") = "Task5", "Task5\Task5.csproj", "{7DE6E2A4-65A4-4D14-9BCD-663B7122CDE7}"
EndProject
Project("{FAE04EC0-301F-11D3-BF4B-00C04F79EFBC}") = "Task9", "Task9\Task9.csproj", "{EB32A352-DD20-4FF7-932F-76FC8AD321D9}"
EndProject
Global
	GlobalSection(SolutionConfigurationPlatforms) = preSolution
		Debug|Any CPU = Debug|Any CPU
		Release|Any CPU = Release|Any CPU
	EndGlobalSection
	GlobalSection(ProjectConfigurationPlatforms) = postSolution
		{B31AD370-8FC5-4187-9E50-C06233D76E71}.Debug|Any CPU.ActiveCfg = Debug|Any CPU
		{B31AD370-8FC5-4187-9E50-C06233D76E71}.Debug|Any CPU.Build.0 = Debug|Any CPU
		{B31AD370-8FC5-4187-9E50-C06233D76E71}.Release|Any CPU.ActiveCfg = Release|Any CPU
		{B31AD370-8FC5-4187-9E50-C06233D76E71}.Release|Any CPU.Build.0 = Release|Any CPU
		{7DE6E2A4-65A4-4D14-9BCD-663B7122CDE7}.Debug|Any CPU.ActiveCfg = Debug|Any CPU
		{7DE6E2A4-65A4-4D14-9BCD-663B7122CDE7}.Debug|Any CPU.Build.0 = Debug|Any CPU
		{7DE6E2A4-65A4-4D14-9BCD-663B7122CDE7}.Release|Any CPU.ActiveCfg = Release|Any CPU
		{7DE6E2A4-65A4-4D14-9BCD-663B7122CDE7}.Release|Any CPU.Build.0 = Release|Any CPU
		{EB32A352-DD20-4FF7-932F-76FC8AD321D9}.Debug|Any CPU.ActiveCfg = Debug|Any CPU
		{EB32A352-DD20-4FF7-932F-76FC8AD321D9}.Debug|Any CPU.Build.0 = Debug|Any CPU
		{EB32A352-DD20-4FF7-932F-76FC8AD321D9}.Release|Any CPU.ActiveCfg = Release|Any CPU
		{EB32A352-DD20-4FF7-932F-76FC8AD321D9}.Release|Any CPU.Build.0 = Release|Any CPU
	EndGlobalSection
	GlobalSection(SolutionProperties) = preSolution
		HideSolutionNode = FALSE
	EndGlobalSection
	GlobalSection(ExtensibilityGlobals) = postSolution
		SolutionGuid = {84E84FDE-AE0C-4D42-AD28-BE74D16D3FE4}
	EndGlobalSection
EndGlobal
