
Microsoft Visual Studio Solution File, Format Version 12.00
# Visual Studio Version 16
VisualStudioVersion = 16.0.30413.136
MinimumVisualStudioVersion = 10.0.40219.1
Project("{FAE04EC0-301F-11D3-BF4B-00C04F79EFBC}") = "Task3", "Task3\Task3.csproj", "{84499A13-8A02-452A-A219-B43BC39AC465}"
EndProject
Project("{FAE04EC0-301F-11D3-BF4B-00C04F79EFBC}") = "Task4", "Task4\Task4.csproj", "{D1C1FC3E-3DCB-42D0-B00A-8CD16A8C5519}"
EndProject
Global
	GlobalSection(SolutionConfigurationPlatforms) = preSolution
		Debug|Any CPU = Debug|Any CPU
		Release|Any CPU = Release|Any CPU
	EndGlobalSection
	GlobalSection(ProjectConfigurationPlatforms) = postSolution
		{84499A13-8A02-452A-A219-B43BC39AC465}.Debug|Any CPU.ActiveCfg = Debug|Any CPU
		{84499A13-8A02-452A-A219-B43BC39AC465}.Debug|Any CPU.Build.0 = Debug|Any CPU
		{84499A13-8A02-452A-A219-B43BC39AC465}.Release|Any CPU.ActiveCfg = Release|Any CPU
		{84499A13-8A02-452A-A219-B43BC39AC465}.Release|Any CPU.Build.0 = Release|Any CPU
		{D1C1FC3E-3DCB-42D0-B00A-8CD16A8C5519}.Debug|Any CPU.ActiveCfg = Debug|Any CPU
		{D1C1FC3E-3DCB-42D0-B00A-8CD16A8C5519}.Debug|Any CPU.Build.0 = Debug|Any CPU
		{D1C1FC3E-3DCB-42D0-B00A-8CD16A8C5519}.Release|Any CPU.ActiveCfg = Release|Any CPU
		{D1C1FC3E-3DCB-42D0-B00A-8CD16A8C5519}.Release|Any CPU.Build.0 = Release|Any CPU
	EndGlobalSection
	GlobalSection(SolutionProperties) = preSolution
		HideSolutionNode = FALSE
	EndGlobalSection
	GlobalSection(ExtensibilityGlobals) = postSolution
		SolutionGuid = {1204A350-9573-442C-9326-BE22B9198334}
	EndGlobalSection
EndGlobal
