
Microsoft Visual Studio Solution File, Format Version 12.00
# Visual Studio Version 16
VisualStudioVersion = 16.0.30413.136
MinimumVisualStudioVersion = 10.0.40219.1
Project("{FAE04EC0-301F-11D3-BF4B-00C04F79EFBC}") = "Task6", "Task6\Task6.csproj", "{464FB92D-0DF5-4294-992F-02AC58CC7ADC}"
EndProject
Project("{FAE04EC0-301F-11D3-BF4B-00C04F79EFBC}") = "Task1", "Task1\Task1.csproj", "{7E107BFF-87FE-4950-84CB-A6C5B3719C6D}"
EndProject
Global
	GlobalSection(SolutionConfigurationPlatforms) = preSolution
		Debug|Any CPU = Debug|Any CPU
		Release|Any CPU = Release|Any CPU
	EndGlobalSection
	GlobalSection(ProjectConfigurationPlatforms) = postSolution
		{464FB92D-0DF5-4294-992F-02AC58CC7ADC}.Debug|Any CPU.ActiveCfg = Debug|Any CPU
		{464FB92D-0DF5-4294-992F-02AC58CC7ADC}.Debug|Any CPU.Build.0 = Debug|Any CPU
		{464FB92D-0DF5-4294-992F-02AC58CC7ADC}.Release|Any CPU.ActiveCfg = Release|Any CPU
		{464FB92D-0DF5-4294-992F-02AC58CC7ADC}.Release|Any CPU.Build.0 = Release|Any CPU
		{7E107BFF-87FE-4950-84CB-A6C5B3719C6D}.Debug|Any CPU.ActiveCfg = Debug|Any CPU
		{7E107BFF-87FE-4950-84CB-A6C5B3719C6D}.Debug|Any CPU.Build.0 = Debug|Any CPU
		{7E107BFF-87FE-4950-84CB-A6C5B3719C6D}.Release|Any CPU.ActiveCfg = Release|Any CPU
		{7E107BFF-87FE-4950-84CB-A6C5B3719C6D}.Release|Any CPU.Build.0 = Release|Any CPU
	EndGlobalSection
	GlobalSection(SolutionProperties) = preSolution
		HideSolutionNode = FALSE
	EndGlobalSection
	GlobalSection(ExtensibilityGlobals) = postSolution
		SolutionGuid = {8E61A171-4E83-481B-8F02-51835B098C1D}
	EndGlobalSection
EndGlobal
