
Microsoft Visual Studio Solution File, Format Version 12.00
# Visual Studio Version 16
VisualStudioVersion = 16.0.30413.136
MinimumVisualStudioVersion = 10.0.40219.1
Project("{FAE04EC0-301F-11D3-BF4B-00C04F79EFBC}") = "Task01", "Task01\Task01.csproj", "{A9840EEB-711A-4E8F-B9B8-6B9B75044AC6}"
EndProject
Project("{FAE04EC0-301F-11D3-BF4B-00C04F79EFBC}") = "Task02", "Task02\Task02.csproj", "{8128FE3C-2907-454B-8DAE-A4E8537FFBCA}"
EndProject
Project("{FAE04EC0-301F-11D3-BF4B-00C04F79EFBC}") = "Task04", "Task04\Task04.csproj", "{0363DB01-0DF8-455F-AB39-DE39FC8B06BF}"
EndProject
Project("{FAE04EC0-301F-11D3-BF4B-00C04F79EFBC}") = "Task05", "Task05\Task05.csproj", "{3258ADDB-329C-4A68-A8BD-FC98CFFF27F9}"
EndProject
Project("{FAE04EC0-301F-11D3-BF4B-00C04F79EFBC}") = "Task10", "Task10\Task10.csproj", "{33DDF4CB-1791-4787-9053-9B8E7544703E}"
EndProject
Project("{FAE04EC0-301F-11D3-BF4B-00C04F79EFBC}") = "Task11", "Task11\Task11.csproj", "{3C7C01F2-C1A5-4351-A0D9-385B2D64DDA8}"
EndProject
Project("{FAE04EC0-301F-11D3-BF4B-00C04F79EFBC}") = "ASCIIDecoder", "ASCIIDecoder\ASCIIDecoder.csproj", "{3E5ECAD9-F5E4-4173-887B-A00DFBC807F0}"
EndProject
Global
	GlobalSection(SolutionConfigurationPlatforms) = preSolution
		Debug|Any CPU = Debug|Any CPU
		Release|Any CPU = Release|Any CPU
	EndGlobalSection
	GlobalSection(ProjectConfigurationPlatforms) = postSolution
		{A9840EEB-711A-4E8F-B9B8-6B9B75044AC6}.Debug|Any CPU.ActiveCfg = Debug|Any CPU
		{A9840EEB-711A-4E8F-B9B8-6B9B75044AC6}.Debug|Any CPU.Build.0 = Debug|Any CPU
		{A9840EEB-711A-4E8F-B9B8-6B9B75044AC6}.Release|Any CPU.ActiveCfg = Release|Any CPU
		{A9840EEB-711A-4E8F-B9B8-6B9B75044AC6}.Release|Any CPU.Build.0 = Release|Any CPU
		{8128FE3C-2907-454B-8DAE-A4E8537FFBCA}.Debug|Any CPU.ActiveCfg = Debug|Any CPU
		{8128FE3C-2907-454B-8DAE-A4E8537FFBCA}.Debug|Any CPU.Build.0 = Debug|Any CPU
		{8128FE3C-2907-454B-8DAE-A4E8537FFBCA}.Release|Any CPU.ActiveCfg = Release|Any CPU
		{8128FE3C-2907-454B-8DAE-A4E8537FFBCA}.Release|Any CPU.Build.0 = Release|Any CPU
		{0363DB01-0DF8-455F-AB39-DE39FC8B06BF}.Debug|Any CPU.ActiveCfg = Debug|Any CPU
		{0363DB01-0DF8-455F-AB39-DE39FC8B06BF}.Debug|Any CPU.Build.0 = Debug|Any CPU
		{0363DB01-0DF8-455F-AB39-DE39FC8B06BF}.Release|Any CPU.ActiveCfg = Release|Any CPU
		{0363DB01-0DF8-455F-AB39-DE39FC8B06BF}.Release|Any CPU.Build.0 = Release|Any CPU
		{3258ADDB-329C-4A68-A8BD-FC98CFFF27F9}.Debug|Any CPU.ActiveCfg = Debug|Any CPU
		{3258ADDB-329C-4A68-A8BD-FC98CFFF27F9}.Debug|Any CPU.Build.0 = Debug|Any CPU
		{3258ADDB-329C-4A68-A8BD-FC98CFFF27F9}.Release|Any CPU.ActiveCfg = Release|Any CPU
		{3258ADDB-329C-4A68-A8BD-FC98CFFF27F9}.Release|Any CPU.Build.0 = Release|Any CPU
		{33DDF4CB-1791-4787-9053-9B8E7544703E}.Debug|Any CPU.ActiveCfg = Debug|Any CPU
		{33DDF4CB-1791-4787-9053-9B8E7544703E}.Debug|Any CPU.Build.0 = Debug|Any CPU
		{33DDF4CB-1791-4787-9053-9B8E7544703E}.Release|Any CPU.ActiveCfg = Release|Any CPU
		{33DDF4CB-1791-4787-9053-9B8E7544703E}.Release|Any CPU.Build.0 = Release|Any CPU
		{3C7C01F2-C1A5-4351-A0D9-385B2D64DDA8}.Debug|Any CPU.ActiveCfg = Debug|Any CPU
		{3C7C01F2-C1A5-4351-A0D9-385B2D64DDA8}.Debug|Any CPU.Build.0 = Debug|Any CPU
		{3C7C01F2-C1A5-4351-A0D9-385B2D64DDA8}.Release|Any CPU.ActiveCfg = Release|Any CPU
		{3C7C01F2-C1A5-4351-A0D9-385B2D64DDA8}.Release|Any CPU.Build.0 = Release|Any CPU
		{3E5ECAD9-F5E4-4173-887B-A00DFBC807F0}.Debug|Any CPU.ActiveCfg = Debug|Any CPU
		{3E5ECAD9-F5E4-4173-887B-A00DFBC807F0}.Debug|Any CPU.Build.0 = Debug|Any CPU
		{3E5ECAD9-F5E4-4173-887B-A00DFBC807F0}.Release|Any CPU.ActiveCfg = Release|Any CPU
		{3E5ECAD9-F5E4-4173-887B-A00DFBC807F0}.Release|Any CPU.Build.0 = Release|Any CPU
	EndGlobalSection
	GlobalSection(SolutionProperties) = preSolution
		HideSolutionNode = FALSE
	EndGlobalSection
	GlobalSection(ExtensibilityGlobals) = postSolution
		SolutionGuid = {42562B00-ECCB-45F5-9340-2935822ED43D}
	EndGlobalSection
EndGlobal
