
Microsoft Visual Studio Solution File, Format Version 12.00
# Visual Studio Version 16
VisualStudioVersion = 16.0.30413.136
MinimumVisualStudioVersion = 10.0.40219.1
Project("{FAE04EC0-301F-11D3-BF4B-00C04F79EFBC}") = "Task1", "Task1\Task1.csproj", "{5E2D328F-05F1-44F8-8A47-335C7E15F472}"
EndProject
Project("{FAE04EC0-301F-11D3-BF4B-00C04F79EFBC}") = "Task3", "Task3\Task3.csproj", "{68D9A7E1-37D0-42C0-8AFB-0B24E1BE34FE}"
EndProject
Global
	GlobalSection(SolutionConfigurationPlatforms) = preSolution
		Debug|Any CPU = Debug|Any CPU
		Release|Any CPU = Release|Any CPU
	EndGlobalSection
	GlobalSection(ProjectConfigurationPlatforms) = postSolution
		{5E2D328F-05F1-44F8-8A47-335C7E15F472}.Debug|Any CPU.ActiveCfg = Debug|Any CPU
		{5E2D328F-05F1-44F8-8A47-335C7E15F472}.Debug|Any CPU.Build.0 = Debug|Any CPU
		{5E2D328F-05F1-44F8-8A47-335C7E15F472}.Release|Any CPU.ActiveCfg = Release|Any CPU
		{5E2D328F-05F1-44F8-8A47-335C7E15F472}.Release|Any CPU.Build.0 = Release|Any CPU
		{68D9A7E1-37D0-42C0-8AFB-0B24E1BE34FE}.Debug|Any CPU.ActiveCfg = Debug|Any CPU
		{68D9A7E1-37D0-42C0-8AFB-0B24E1BE34FE}.Debug|Any CPU.Build.0 = Debug|Any CPU
		{68D9A7E1-37D0-42C0-8AFB-0B24E1BE34FE}.Release|Any CPU.ActiveCfg = Release|Any CPU
		{68D9A7E1-37D0-42C0-8AFB-0B24E1BE34FE}.Release|Any CPU.Build.0 = Release|Any CPU
	EndGlobalSection
	GlobalSection(SolutionProperties) = preSolution
		HideSolutionNode = FALSE
	EndGlobalSection
	GlobalSection(ExtensibilityGlobals) = postSolution
		SolutionGuid = {305C93E3-56F0-4253-8F43-04DDE4A885E8}
	EndGlobalSection
EndGlobal
