
Microsoft Visual Studio Solution File, Format Version 12.00
# Visual Studio Version 16
VisualStudioVersion = 16.0.31129.286
MinimumVisualStudioVersion = 10.0.40219.1
Project("{FAE04EC0-301F-11D3-BF4B-00C04F79EFBC}") = "Task1", "Task1\Task1.csproj", "{0B4D01FF-529C-483C-BB9C-B8401C3DC0FA}"
EndProject
Project("{FAE04EC0-301F-11D3-BF4B-00C04F79EFBC}") = "Task2", "Task2\Task2.csproj", "{E6C3BC93-5684-45C5-A19F-6A1A507263F6}"
EndProject
Project("{FAE04EC0-301F-11D3-BF4B-00C04F79EFBC}") = "Task3", "Task3\Task3.csproj", "{41F8E545-CF4F-446C-AD95-C7F6B64D4B17}"
EndProject
Global
	GlobalSection(SolutionConfigurationPlatforms) = preSolution
		Debug|Any CPU = Debug|Any CPU
		Release|Any CPU = Release|Any CPU
	EndGlobalSection
	GlobalSection(ProjectConfigurationPlatforms) = postSolution
		{0B4D01FF-529C-483C-BB9C-B8401C3DC0FA}.Debug|Any CPU.ActiveCfg = Debug|Any CPU
		{0B4D01FF-529C-483C-BB9C-B8401C3DC0FA}.Debug|Any CPU.Build.0 = Debug|Any CPU
		{0B4D01FF-529C-483C-BB9C-B8401C3DC0FA}.Release|Any CPU.ActiveCfg = Release|Any CPU
		{0B4D01FF-529C-483C-BB9C-B8401C3DC0FA}.Release|Any CPU.Build.0 = Release|Any CPU
		{E6C3BC93-5684-45C5-A19F-6A1A507263F6}.Debug|Any CPU.ActiveCfg = Debug|Any CPU
		{E6C3BC93-5684-45C5-A19F-6A1A507263F6}.Debug|Any CPU.Build.0 = Debug|Any CPU
		{E6C3BC93-5684-45C5-A19F-6A1A507263F6}.Release|Any CPU.ActiveCfg = Release|Any CPU
		{E6C3BC93-5684-45C5-A19F-6A1A507263F6}.Release|Any CPU.Build.0 = Release|Any CPU
		{41F8E545-CF4F-446C-AD95-C7F6B64D4B17}.Debug|Any CPU.ActiveCfg = Debug|Any CPU
		{41F8E545-CF4F-446C-AD95-C7F6B64D4B17}.Debug|Any CPU.Build.0 = Debug|Any CPU
		{41F8E545-CF4F-446C-AD95-C7F6B64D4B17}.Release|Any CPU.ActiveCfg = Release|Any CPU
		{41F8E545-CF4F-446C-AD95-C7F6B64D4B17}.Release|Any CPU.Build.0 = Release|Any CPU
	EndGlobalSection
	GlobalSection(SolutionProperties) = preSolution
		HideSolutionNode = FALSE
	EndGlobalSection
	GlobalSection(ExtensibilityGlobals) = postSolution
		SolutionGuid = {E289F4AA-03F4-41C9-837D-736100C9B480}
	EndGlobalSection
EndGlobal
